
Microsoft Visual Studio Solution File, Format Version 12.00
# Visual Studio Version 17
VisualStudioVersion = 17.14.36930.0
MinimumVisualStudioVersion = 10.0.40219.1
Project("{2150E333-8FDC-42A3-9474-1A3956D46DE8}") = "Project", "Project", "{02EA681E-C7D8-13C7-8484-4AC65E1B71E8}"
EndProject
Project("{8BC9CEB8-8B4A-11D0-8D11-00A0C91BC942}") = "AutoProtocolsProject", "AutoProtocolsProject\AutoProtocolsProject.vcxproj", "{1AD7C0F6-12C5-44E3-8578-BA7920C3F8E3}"
EndProject
Global
	GlobalSection(SolutionConfigurationPlatforms) = preSolution
		Debug|x64 = Debug|x64
		Debug|x86 = Debug|x86
		Release|x64 = Release|x64
		Release|x86 = Release|x86
	EndGlobalSection
	GlobalSection(ProjectConfigurationPlatforms) = postSolution
		{1AD7C0F6-12C5-44E3-8578-BA7920C3F8E3}.Debug|x64.ActiveCfg = Debug|x64
		{1AD7C0F6-12C5-44E3-8578-BA7920C3F8E3}.Debug|x64.Build.0 = Debug|x64
		{1AD7C0F6-12C5-44E3-8578-BA7920C3F8E3}.Debug|x86.ActiveCfg = Debug|Win32
		{1AD7C0F6-12C5-44E3-8578-BA7920C3F8E3}.Debug|x86.Build.0 = Debug|Win32
		{1AD7C0F6-12C5-44E3-8578-BA7920C3F8E3}.Release|x64.ActiveCfg = Release|x64
		{1AD7C0F6-12C5-44E3-8578-BA7920C3F8E3}.Release|x64.Build.0 = Release|x64
		{1AD7C0F6-12C5-44E3-8578-BA7920C3F8E3}.Release|x86.ActiveCfg = Release|Win32
		{1AD7C0F6-12C5-44E3-8578-BA7920C3F8E3}.Release|x86.Build.0 = Release|Win32
	EndGlobalSection
	GlobalSection(SolutionProperties) = preSolution
		HideSolutionNode = FALSE
	EndGlobalSection
	GlobalSection(NestedProjects) = preSolution
		{1AD7C0F6-12C5-44E3-8578-BA7920C3F8E3} = {02EA681E-C7D8-13C7-8484-4AC65E1B71E8}
	EndGlobalSection
	GlobalSection(ExtensibilityGlobals) = postSolution
		SolutionGuid = {2219E218-5290-4027-8524-8118DF69D866}
	EndGlobalSection
EndGlobal
